
Microsoft Visual Studio Solution File, Format Version 12.00
# Visual Studio Version 16
VisualStudioVersion = 16.0.30309.148
MinimumVisualStudioVersion = 10.0.40219.1
Project("{8BC9CEB8-8B4A-11D0-8D11-00A0C91BC942}") = "Z80Emulator", "Z80Emulator.vcxproj", "{B91671C6-8254-4D08-A8B9-74971064CE63}"
EndProject
Global
	GlobalSection(SolutionConfigurationPlatforms) = preSolution
		Debug|x64 = Debug|x64
		Debug|x86 = Debug|x86
		Release|x64 = Release|x64
		Release|x86 = Release|x86
	EndGlobalSection
	GlobalSection(ProjectConfigurationPlatforms) = postSolution
		{B91671C6-8254-4D08-A8B9-74971064CE63}.Debug|x64.ActiveCfg = Debug|x64
		{B91671C6-8254-4D08-A8B9-74971064CE63}.Debug|x64.Build.0 = Debug|x64
		{B91671C6-8254-4D08-A8B9-74971064CE63}.Debug|x86.ActiveCfg = Debug|Win32
		{B91671C6-8254-4D08-A8B9-74971064CE63}.Debug|x86.Build.0 = Debug|Win32
		{B91671C6-8254-4D08-A8B9-74971064CE63}.Release|x64.ActiveCfg = Release|x64
		{B91671C6-8254-4D08-A8B9-74971064CE63}.Release|x64.Build.0 = Release|x64
		{B91671C6-8254-4D08-A8B9-74971064CE63}.Release|x86.ActiveCfg = Release|Win32
		{B91671C6-8254-4D08-A8B9-74971064CE63}.Release|x86.Build.0 = Release|Win32
	EndGlobalSection
	GlobalSection(SolutionProperties) = preSolution
		HideSolutionNode = FALSE
	EndGlobalSection
	GlobalSection(ExtensibilityGlobals) = postSolution
		SolutionGuid = {AF49BFC5-4D13-497A-A746-5CDB4C32AE6E}
	EndGlobalSection
EndGlobal
